{
  "lockfileVersion": 1,
  "configVersion": 1,
  "workspaces": {
    "": {
      "name": "memtree-wiki",
      "dependencies": {
        "vhtml": "^2.2.0",
        "zod": "^4.4.3",
      },
      "devDependencies": {
        "@types/vhtml": "^2.2.9",
        "typescript": "^5.6.3",
      },
    },
    "projects/api/client": {
      "name": "@memtree.wiki/api-client",
      "version": "0.0.4",
      "devDependencies": {
        "@types/bun": "^1.1.13",
        "typescript": "^5.6.3",
      },
    },
    "projects/api/common": {
      "name": "@memtree.wiki/api-common",
      "version": "0.0.4",
      "devDependencies": {
        "@types/bun": "^1.1.13",
        "typescript": "^5.6.3",
      },
    },
    "projects/api/web": {
      "name": "@memtree.wiki/api-web",
      "version": "0.0.4",
      "dependencies": {
        "@memtree.wiki/docs": "workspace:*",
        "@memtree.wiki/wiki": "workspace:*",
        "hono": "^4.6.9",
      },
      "devDependencies": {
        "@types/bun": "^1.1.13",
        "typescript": "^5.6.3",
      },
    },
    "projects/docs": {
      "name": "@memtree.wiki/docs",
      "version": "0.0.4",
      "dependencies": {
        "prismjs": "^1.30.0",
        "vhtml": "^2.2.0",
      },
      "devDependencies": {
        "@types/bun": "^1.1.13",
        "@types/prismjs": "^1.26.6",
        "@types/vhtml": "^2.2.9",
        "typescript": "^5.6.3",
      },
    },
    "projects/wiki": {
      "name": "@memtree.wiki/wiki",
      "version": "0.0.4",
      "devDependencies": {
        "@types/bun": "^1.1.13",
        "typescript": "^5.6.3",
      },
    },
  },
  "packages": {
    "@memtree.wiki/api-client": ["@memtree.wiki/api-client@workspace:projects/api/client"],

    "@memtree.wiki/api-common": ["@memtree.wiki/api-common@workspace:projects/api/common"],

    "@memtree.wiki/api-web": ["@memtree.wiki/api-web@workspace:projects/api/web"],

    "@memtree.wiki/docs": ["@memtree.wiki/docs@workspace:projects/docs"],

    "@memtree.wiki/wiki": ["@memtree.wiki/wiki@workspace:projects/wiki"],

    "@types/bun": ["@types/bun@1.3.14", "", { "dependencies": { "bun-types": "1.3.14" } }, "sha512-h1hFqFVcvAvD9j9K7ZW7vd82aSA+rTdznZa+5bwvCwqSB1jmmfLcbIWhOLx1/+boy/xmjgCs/OMUL8hRJSmnPw=="],

    "@types/node": ["@types/node@26.2.0", "", { "dependencies": { "undici-types": "~8.3.0" } }, "sha512-5IviulTZeRNp2vAJ514cc/HUlY5nZ9fCbq9DMyC52BrhFZACo3nI0R7qBxhQmo/d27NFe96ur/b7Wwxklda+kg=="],

    "@types/prismjs": ["@types/prismjs@1.26.6", "", {}, "sha512-vqlvI7qlMvcCBbVe0AKAb4f97//Hy0EBTaiW8AalRnG/xAN5zOiWWyrNqNXeq8+KAuvRewjCVY1+IPxk4RdNYw=="],

    "@types/vhtml": ["@types/vhtml@2.2.9", "", {}, "sha512-maEIRJb+PdK2FWDORl0a0aNUSGlniMl8pN+7WbanLzx1Gry4gLfsT0C9O/6JucPPBHCNrqDSImr2QcsUENLKUg=="],

    "bun-types": ["bun-types@1.3.14", "", { "dependencies": { "@types/node": "*" } }, "sha512-4N0ig0fEomHt5R0KCFWjovxow98rIoRwKolrYdCcknNwMekCXRnWEUvgu5soYV8QXtVsrUD8B95MBOZGPvr6KQ=="],

    "hono": ["hono@4.13.1", "", {}, "sha512-kdJoFVv2xmayw6cY09H7AbMJMt8Jn5jdlEdXsP7AGBdF2DIptVlKlOLKXP41yPip4/a3yQPv9gVcJYI8YY04dw=="],

    "prismjs": ["prismjs@1.30.0", "", {}, "sha512-DEvV2ZF2r2/63V+tK8hQvrR2ZGn10srHbXviTlcv7Kpzw8jWiNTqbVgjO3IY8RxrrOUF8VPMQQFysYYYv0YZxw=="],

    "typescript": ["typescript@5.9.3", "", { "bin": { "tsc": "bin/tsc", "tsserver": "bin/tsserver" } }, "sha512-jl1vZzPDinLr9eUt3J/t7V6FgNEw9QjvBPdysz9KfQDD41fQrC2Y4vKQdiaUpFT4bXlb1RHhLpp8wtm6M5TgSw=="],

    "undici-types": ["undici-types@8.3.0", "", {}, "sha512-j375ScV60dom+YkPFIfTLcOiPxkN/buHz5GobjLhixFuANaNs3C9l4GmrWqejgXWJ7BbJcFYpTEUkS1Ge8bpZQ=="],

    "vhtml": ["vhtml@2.2.0", "", {}, "sha512-TPXrXrxBOslRUVnlVkiAqhoXneiertIg86bdvzionrUYhEuiROvyPZNiiP6GIIJ2Q7oPNVyEtIx8gMAZZE9lCQ=="],

    "zod": ["zod@4.4.3", "", {}, "sha512-ytENFjIJFl2UwYglde2jchW2Hwm4GJFLDiSXWdTrJQBIN9Fcyp7n4DhxJEiWNAJMV1/BqWfW/kkg71UDcHJyTQ=="],
  }
}
